// !$*UTF8*$!
{
	archiveVersion = 1;
	classes = {
	};
	objectVersion = 50;
	objects = {

/* Begin PBXBuildFile section */
		E4974B4621F1C36E00C182AD /* AppDelegate.swift in Sources */ = {isa = PBXBuildFile; fileRef = E4974B4521F1C36E00C182AD /* AppDelegate.swift */; };
		E4974B4821F1C36E00C182AD /* art.scnassets in Resources */ = {isa = PBXBuildFile; fileRef = E4974B4721F1C36E00C182AD /* art.scnassets */; };
		E4974B4A21F1C36E00C182AD /* ViewController.swift in Sources */ = {isa = PBXBuildFile; fileRef = E4974B4921F1C36E00C182AD /* ViewController.swift */; };
		E4974B4D21F1C36E00C182AD /* Main.storyboard in Resources */ = {isa = PBXBuildFile; fileRef = E4974B4B21F1C36E00C182AD /* Main.storyboard */; };
		E4974B4F21F1C36F00C182AD /* Assets.xcassets in Resources */ = {isa = PBXBuildFile; fileRef = E4974B4E21F1C36F00C182AD /* Assets.xcassets */; };
		E4974B5221F1C36F00C182AD /* LaunchScreen.storyboard in Resources */ = {isa = PBXBuildFile; fileRef = E4974B5021F1C36F00C182AD /* LaunchScreen.storyboard */; };
		E4974B5A21F2253D00C182AD /* Extension.swift in Sources */ = {isa = PBXBuildFile; fileRef = E4974B5921F2253D00C182AD /* Extension.swift */; };
/* End PBXBuildFile section */

/* Begin PBXFileReference section */
		E4974B4221F1C36E00C182AD /* ARKit-Measure.app */ = {isa = PBXFileReference; explicitFileType = wrapper.application; includeInIndex = 0; path = "ARKit-Measure.app"; sourceTree = BUILT_PRODUCTS_DIR; };
		E4974B4521F1C36E00C182AD /* AppDelegate.swift */ = {isa = PBXFileReference; lastKnownFileType = sourcecode.swift; path = AppDelegate.swift; sourceTree = "<group>"; };
		E4974B4721F1C36E00C182AD /* art.scnassets */ = {isa = PBXFileReference; lastKnownFileType = wrapper.scnassets; path = art.scnassets; sourceTree = "<group>"; };
		E4974B4921F1C36E00C182AD /* ViewController.swift */ = {isa = PBXFileReference; lastKnownFileType = sourcecode.swift; path = ViewController.swift; sourceTree = "<group>"; };
		E4974B4C21F1C36E00C182AD /* Base */ = {isa = PBXFileReference; lastKnownFileType = file.storyboard; name = Base; path = Base.lproj/Main.storyboard; sourceTree = "<group>"; };
		E4974B4E21F1C36F00C182AD /* Assets.xcassets */ = {isa = PBXFileReference; lastKnownFileType = folder.assetcatalog; path = Assets.xcassets; sourceTree = "<group>"; };
		E4974B5121F1C36F00C182AD /* Base */ = {isa = PBXFileReference; lastKnownFileType = file.storyboard; name = Base; path = Base.lproj/LaunchScreen.storyboard; sourceTree = "<group>"; };
		E4974B5321F1C36F00C182AD /* Info.plist */ = {isa = PBXFileReference; lastKnownFileType = text.plist.xml; path = Info.plist; sourceTree = "<group>"; };
		E4974B5921F2253D00C182AD /* Extension.swift */ = {isa = PBXFileReference; lastKnownFileType = sourcecode.swift; path = Extension.swift; sourceTree = "<group>"; };
/* End PBXFileReference section */

/* Begin PBXFrameworksBuildPhase section */
		E4974B3F21F1C36E00C182AD /* Frameworks */ = {
			isa = PBXFrameworksBuildPhase;
			buildActionMask = 2147483647;
			files = (
			);
			runOnlyForDeploymentPostprocessing = 0;
		};
/* End PBXFrameworksBuildPhase section */

/* Begin PBXGroup section */
		E4974B3921F1C36E00C182AD = {
			isa = PBXGroup;
			children = (
				E4974B4421F1C36E00C182AD /* ARKit-Measure */,
				E4974B4321F1C36E00C182AD /* Products */,
			);
			sourceTree = "<group>";
		};
		E4974B4321F1C36E00C182AD /* Products */ = {
			isa = PBXGroup;
			children = (
				E4974B4221F1C36E00C182AD /* ARKit-Measure.app */,
			);
			name = Products;
			sourceTree = "<group>";
		};
		E4974B4421F1C36E00C182AD /* ARKit-Measure */ = {
			isa = PBXGroup;
			children = (
				E4974B4521F1C36E00C182AD /* AppDelegate.swift */,
				E4974B4721F1C36E00C182AD /* art.scnassets */,
				E4974B4921F1C36E00C182AD /* ViewController.swift */,
				E4974B4B21F1C36E00C182AD /* Main.storyboard */,
				E4974B4E21F1C36F00C182AD /* Assets.xcassets */,
				E4974B5021F1C36F00C182AD /* LaunchScreen.storyboard */,
				E4974B5321F1C36F00C182AD /* Info.plist */,
				E4974B5921F2253D00C182AD /* Extension.swift */,
			);
			path = "ARKit-Measure";
			sourceTree = "<group>";
		};
/* End PBXGroup section */

/* Begin PBXNativeTarget section */
		E4974B4121F1C36E00C182AD /* ARKit-Measure */ = {
			isa = PBXNativeTarget;
			buildConfigurationList = E4974B5621F1C36F00C182AD /* Build configuration list for PBXNativeTarget "ARKit-Measure" */;
			buildPhases = (
				E4974B3E21F1C36E00C182AD /* Sources */,
				E4974B3F21F1C36E00C182AD /* Frameworks */,
				E4974B4021F1C36E00C182AD /* Resources */,
			);
			buildRules = (
			);
			dependencies = (
			);
			name = "ARKit-Measure";
			productName = "ARKit-Measure";
			productReference = E4974B4221F1C36E00C182AD /* ARKit-Measure.app */;
			productType = "com.apple.product-type.application";
		};
/* End PBXNativeTarget section */

/* Begin PBXProject section */
		E4974B3A21F1C36E00C182AD /* Project object */ = {
			isa = PBXProject;
			attributes = {
				LastSwiftUpdateCheck = 1010;
				LastUpgradeCheck = 1010;
				ORGANIZATIONNAME = "Hubert Wang";
				TargetAttributes = {
					E4974B4121F1C36E00C182AD = {
						CreatedOnToolsVersion = 10.1;
					};
				};
			};
			buildConfigurationList = E4974B3D21F1C36E00C182AD /* Build configuration list for PBXProject "ARKit-Measure" */;
			compatibilityVersion = "Xcode 9.3";
			developmentRegion = en;
			hasScannedForEncodings = 0;
			knownRegions = (
				en,
				Base,
			);
			mainGroup = E4974B3921F1C36E00C182AD;
			productRefGroup = E4974B4321F1C36E00C182AD /* Products */;
			projectDirPath = "";
			projectRoot = "";
			targets = (
				E4974B4121F1C36E00C182AD /* ARKit-Measure */,
			);
		};
/* End PBXProject section */

/* Begin PBXResourcesBuildPhase section */
		E4974B4021F1C36E00C182AD /* Resources */ = {
			isa = PBXResourcesBuildPhase;
			buildActionMask = 2147483647;
			files = (
				E4974B4821F1C36E00C182AD /* art.scnassets in Resources */,
				E4974B5221F1C36F00C182AD /* LaunchScreen.storyboard in Resources */,
				E4974B4F21F1C36F00C182AD /* Assets.xcassets in Resources */,
				E4974B4D21F1C36E00C182AD /* Main.storyboard in Resources */,
			);
			runOnlyForDeploymentPostprocessing = 0;
		};
/* End PBXResourcesBuildPhase section */

/* Begin PBXSourcesBuildPhase section */
		E4974B3E21F1C36E00C182AD /* Sources */ = {
			isa = PBXSourcesBuildPhase;
			buildActionMask = 2147483647;
			files = (
				E4974B5A21F2253D00C182AD /* Extension.swift in Sources */,
				E4974B4A21F1C36E00C182AD /* ViewController.swift in Sources */,
				E4974B4621F1C36E00C182AD /* AppDelegate.swift in Sources */,
			);
			runOnlyForDeploymentPostprocessing = 0;
		};
/* End PBXSourcesBuildPhase section */

/* Begin PBXVariantGroup section */
		E4974B4B21F1C36E00C182AD /* Main.storyboard */ = {
			isa = PBXVariantGroup;
			children = (
				E4974B4C21F1C36E00C182AD /* Base */,
			);
			name = Main.storyboard;
			sourceTree = "<group>";
		};
		E4974B5021F1C36F00C182AD /* LaunchScreen.storyboard */ = {
			isa = PBXVariantGroup;
			children = (
				E4974B5121F1C36F00C182AD /* Base */,
			);
			name = LaunchScreen.storyboard;
			sourceTree = "<group>";
		};
/* End PBXVariantGroup section */

/* Begin XCBuildConfiguration section */
		E4974B5421F1C36F00C182AD /* Debug */ = {
			isa = XCBuildConfiguration;
			buildSettings = {
				ALWAYS_SEARCH_USER_PATHS = NO;
				CLANG_ANALYZER_NONNULL = YES;
				CLANG_ANALYZER_NUMBER_OBJECT_CONVERSION = YES_AGGRESSIVE;
				CLANG_CXX_LANGUAGE_STANDARD = "gnu++14";
				CLANG_CXX_LIBRARY = "libc++";
				CLANG_ENABLE_MODULES = YES;
				CLANG_ENABLE_OBJC_ARC = YES;
				CLANG_ENABLE_OBJC_WEAK = YES;
				CLANG_WARN_BLOCK_CAPTURE_AUTORELEASING = YES;
				CLANG_WARN_BOOL_CONVERSION = YES;
				CLANG_WARN_COMMA = YES;
				CLANG_WARN_CONSTANT_CONVERSION = YES;
				CLANG_WARN_DEPRECATED_OBJC_IMPLEMENTATIONS = YES;
				CLANG_WARN_DIRECT_OBJC_ISA_USAGE = YES_ERROR;
				CLANG_WARN_DOCUMENTATION_COMMENTS = YES;
				CLANG_WARN_EMPTY_BODY = YES;
				CLANG_WARN_ENUM_CONVERSION = YES;
				CLANG_WARN_INFINITE_RECURSION = YES;
				CLANG_WARN_INT_CONVERSION = YES;
				CLANG_WARN_NON_LITERAL_NULL_CONVERSION = YES;
				CLANG_WARN_OBJC_IMPLICIT_RETAIN_SELF = YES;
				CLANG_WARN_OBJC_LITERAL_CONVERSION = YES;
				CLANG_WARN_OBJC_ROOT_CLASS = YES_ERROR;
				CLANG_WARN_RANGE_LOOP_ANALYSIS = YES;
				CLANG_WARN_STRICT_PROTOTYPES = YES;
				CLANG_WARN_SUSPICIOUS_MOVE = YES;
				CLANG_WARN_UNGUARDED_AVAILABILITY = YES_AGGRESSIVE;
				CLANG_WARN_UNREACHABLE_CODE = YES;
				CLANG_WARN__DUPLICATE_METHOD_MATCH = YES;
				CODE_SIGN_IDENTITY = "iPhone Developer";
				COPY_PHASE_STRIP = NO;
				DEBUG_INFORMATION_FORMAT = dwarf;
				ENABLE_STRICT_OBJC_MSGSEND = YES;
				ENABLE_TESTABILITY = YES;
				GCC_C_LANGUAGE_STANDARD = gnu11;
				GCC_DYNAMIC_NO_PIC = NO;
				GCC_NO_COMMON_BLOCKS = YES;
				GCC_OPTIMIZATION_LEVEL = 0;
				GCC_PREPROCESSOR_DEFINITIONS = (
					"DEBUG=1",
					"$(inherited)",
				);
				GCC_WARN_64_TO_32_BIT_CONVERSION = YES;
				GCC_WARN_ABOUT_RETURN_TYPE = YES_ERROR;
				GCC_WARN_UNDECLARED_SELECTOR = YES;
				GCC_WARN_UNINITIALIZED_AUTOS = YES_AGGRESSIVE;
				GCC_WARN_UNUSED_FUNCTION = YES;
				GCC_WARN_UNUSED_VARIABLE = YES;
				IPHONEOS_DEPLOYMENT_TARGET = 12.1;
				MTL_ENABLE_DEBUG_INFO = INCLUDE_SOURCE;
				MTL_FAST_MATH = YES;
				ONLY_ACTIVE_ARCH = YES;
				SDKROOT = iphoneos;
				SWIFT_ACTIVE_COMPILATION_CONDITIONS = DEBUG;
				SWIFT_OPTIMIZATION_LEVEL = "-Onone";
			};
			name = Debug;
		};
		E4974B5521F1C36F00C182AD /* Release */ = {
			isa = XCBuildConfiguration;
			buildSettings = {
				ALWAYS_SEARCH_USER_PATHS = NO;
				CLANG_ANALYZER_NONNULL = YES;
				CLANG_ANALYZER_NUMBER_OBJECT_CONVERSION = YES_AGGRESSIVE;
				CLANG_CXX_LANGUAGE_STANDARD = "gnu++14";
				CLANG_CXX_LIBRARY = "libc++";
				CLANG_ENABLE_MODULES = YES;
				CLANG_ENABLE_OBJC_ARC = YES;
				CLANG_ENABLE_OBJC_WEAK = YES;
				CLANG_WARN_BLOCK_CAPTURE_AUTORELEASING = YES;
				CLANG_WARN_BOOL_CONVERSION = YES;
				CLANG_WARN_COMMA = YES;
				CLANG_WARN_CONSTANT_CONVERSION = YES;
				CLANG_WARN_DEPRECATED_OBJC_IMPLEMENTATIONS = YES;
				CLANG_WARN_DIRECT_OBJC_ISA_USAGE = YES_ERROR;
				CLANG_WARN_DOCUMENTATION_COMMENTS = YES;
				CLANG_WARN_EMPTY_BODY = YES;
				CLANG_WARN_ENUM_CONVERSION = YES;
				CLANG_WARN_INFINITE_RECURSION = YES;
				CLANG_WARN_INT_CONVERSION = YES;
				CLANG_WARN_NON_LITERAL_NULL_CONVERSION = YES;
				CLANG_WARN_OBJC_IMPLICIT_RETAIN_SELF = YES;
				CLANG_WARN_OBJC_LITERAL_CONVERSION = YES;
				CLANG_WARN_OBJC_ROOT_CLASS = YES_ERROR;
				CLANG_WARN_RANGE_LOOP_ANALYSIS = YES;
				CLANG_WARN_STRICT_PROTOTYPES = YES;
				CLANG_WARN_SUSPICIOUS_MOVE = YES;
				CLANG_WARN_UNGUARDED_AVAILABILITY = YES_AGGRESSIVE;
				CLANG_WARN_UNREACHABLE_CODE = YES;
				CLANG_WARN__DUPLICATE_METHOD_MATCH = YES;
				CODE_SIGN_IDENTITY = "iPhone Developer";
				COPY_PHASE_STRIP = NO;
				DEBUG_INFORMATION_FORMAT = "dwarf-with-dsym";
				ENABLE_NS_ASSERTIONS = NO;
				ENABLE_STRICT_OBJC_MSGSEND = YES;
				GCC_C_LANGUAGE_STANDARD = gnu11;
				GCC_NO_COMMON_BLOCKS = YES;
				GCC_WARN_64_TO_32_BIT_CONVERSION = YES;
				GCC_WARN_ABOUT_RETURN_TYPE = YES_ERROR;
				GCC_WARN_UNDECLARED_SELECTOR = YES;
				GCC_WARN_UNINITIALIZED_AUTOS = YES_AGGRESSIVE;
				GCC_WARN_UNUSED_FUNCTION = YES;
				GCC_WARN_UNUSED_VARIABLE = YES;
				IPHONEOS_DEPLOYMENT_TARGET = 12.1;
				MTL_ENABLE_DEBUG_INFO = NO;
				MTL_FAST_MATH = YES;
				SDKROOT = iphoneos;
				SWIFT_COMPILATION_MODE = wholemodule;
				SWIFT_OPTIMIZATION_LEVEL = "-O";
				VALIDATE_PRODUCT = YES;
			};
			name = Release;
		};
		E4974B5721F1C36F00C182AD /* Debug */ = {
			isa = XCBuildConfiguration;
			buildSettings = {
				ASSETCATALOG_COMPILER_APPICON_NAME = AppIcon;
				CODE_SIGN_STYLE = Automatic;
				DEVELOPMENT_TEAM = 8WF8BJSYNB;
				INFOPLIST_FILE = "ARKit-Measure/Info.plist";
				IPHONEOS_DEPLOYMENT_TARGET = 11.0;
				LD_RUNPATH_SEARCH_PATHS = (
					"$(inherited)",
					"@executable_path/Frameworks",
				);
				PRODUCT_BUNDLE_IDENTIFIER = "hubertwang.ARKit-Measure";
				PRODUCT_NAME = "$(TARGET_NAME)";
				SWIFT_VERSION = 4.2;
				TARGETED_DEVICE_FAMILY = "1,2";
			};
			name = Debug;
		};
		E4974B5821F1C36F00C182AD /* Release */ = {
			isa = XCBuildConfiguration;
			buildSettings = {
				ASSETCATALOG_COMPILER_APPICON_NAME = AppIcon;
				CODE_SIGN_STYLE = Automatic;
				DEVELOPMENT_TEAM = 8WF8BJSYNB;
				INFOPLIST_FILE = "ARKit-Measure/Info.plist";
				IPHONEOS_DEPLOYMENT_TARGET = 11.0;
				LD_RUNPATH_SEARCH_PATHS = (
					"$(inherited)",
					"@executable_path/Frameworks",
				);
				PRODUCT_BUNDLE_IDENTIFIER = "hubertwang.ARKit-Measure";
				PRODUCT_NAME = "$(TARGET_NAME)";
				SWIFT_VERSION = 4.2;
				TARGETED_DEVICE_FAMILY = "1,2";
			};
			name = Release;
		};
/* End XCBuildConfiguration section */

/* Begin XCConfigurationList section */
		E4974B3D21F1C36E00C182AD /* Build configuration list for PBXProject "ARKit-Measure" */ = {
			isa = XCConfigurationList;
			buildConfigurations = (
				E4974B5421F1C36F00C182AD /* Debug */,
				E4974B5521F1C36F00C182AD /* Release */,
			);
			defaultConfigurationIsVisible = 0;
			defaultConfigurationName = Release;
		};
		E4974B5621F1C36F00C182AD /* Build configuration list for PBXNativeTarget "ARKit-Measure" */ = {
			isa = XCConfigurationList;
			buildConfigurations = (
				E4974B5721F1C36F00C182AD /* Debug */,
				E4974B5821F1C36F00C182AD /* Release */,
			);
			defaultConfigurationIsVisible = 0;
			defaultConfigurationName = Release;
		};
/* End XCConfigurationList section */
	};
	rootObject = E4974B3A21F1C36E00C182AD /* Project object */;
}
